
Microsoft Visual Studio Solution File, Format Version 12.00
# Visual Studio Version 16
VisualStudioVersion = 16.0.30114.105
MinimumVisualStudioVersion = 10.0.40219.1

Project("{FAE04EC0-301F-11D3-BF4B-00C04F79EFBC}") = "RED.Core", "src\RED.Core\RED.Core.csproj", "{1E07F841-96EC-43E6-BD11-3ABE3136C3DA}"
EndProject
Project("{FAE04EC0-301F-11D3-BF4B-00C04F79EFBC}") = "RED.Services", "src\RED.Services\RED.Services.csproj", "{63A2A3BB-B319-497A-82E4-5D987DB630CA}"
EndProject
Project("{FAE04EC0-301F-11D3-BF4B-00C04F79EFBC}") = "RED.Web", "src\RED.Web\RED.Web.csproj", "{66B0B510-094A-4F9F-BDB7-231F7DA19006}"
EndProject
Global
	GlobalSection(SolutionConfigurationPlatforms) = preSolution
		Debug|Any CPU = Debug|Any CPU
		Release|Any CPU = Release|Any CPU
	EndGlobalSection
	GlobalSection(SolutionProperties) = preSolution
		HideSolutionNode = FALSE
	EndGlobalSection
	GlobalSection(ProjectConfigurationPlatforms) = postSolution
		{1E07F841-96EC-43E6-BD11-3ABE3136C3DA}.Debug|Any CPU.ActiveCfg = Debug|Any CPU
		{1E07F841-96EC-43E6-BD11-3ABE3136C3DA}.Debug|Any CPU.Build.0 = Debug|Any CPU
		{1E07F841-96EC-43E6-BD11-3ABE3136C3DA}.Release|Any CPU.ActiveCfg = Release|Any CPU
		{1E07F841-96EC-43E6-BD11-3ABE3136C3DA}.Release|Any CPU.Build.0 = Release|Any CPU
		{63A2A3BB-B319-497A-82E4-5D987DB630CA}.Debug|Any CPU.ActiveCfg = Debug|Any CPU
		{63A2A3BB-B319-497A-82E4-5D987DB630CA}.Debug|Any CPU.Build.0 = Debug|Any CPU
		{63A2A3BB-B319-497A-82E4-5D987DB630CA}.Release|Any CPU.ActiveCfg = Release|Any CPU
		{63A2A3BB-B319-497A-82E4-5D987DB630CA}.Release|Any CPU.Build.0 = Release|Any CPU
		{66B0B510-094A-4F9F-BDB7-231F7DA19006}.Debug|Any CPU.ActiveCfg = Debug|Any CPU
		{66B0B510-094A-4F9F-BDB7-231F7DA19006}.Debug|Any CPU.Build.0 = Debug|Any CPU
		{66B0B510-094A-4F9F-BDB7-231F7DA19006}.Release|Any CPU.ActiveCfg = Release|Any CPU
		{66B0B510-094A-4F9F-BDB7-231F7DA19006}.Release|Any CPU.Build.0 = Release|Any CPU
	EndGlobalSection
	GlobalSection(NestedProjects) = preSolution
	EndGlobalSection
EndGlobal
